
Microsoft Visual Studio Solution File, Format Version 12.00
# Visual Studio Version 16
VisualStudioVersion = 16.0.28803.156
MinimumVisualStudioVersion = 10.0.40219.1
Project("{9A19103F-16F7-4668-BE54-9A1E7A4F7556}") = "JT809.DotNetty.Core", "JT809.DotNetty.Core\JT809.DotNetty.Core.csproj", "{0291C1D6-B4C6-4E7E-984B-0BAFB238727D}"
EndProject
Project("{9A19103F-16F7-4668-BE54-9A1E7A4F7556}") = "JT809.DotNetty.Abstractions", "JT809.DotNetty.Abstractions\JT809.DotNetty.Abstractions.csproj", "{EB8276CC-1848-4E7D-B77E-29B22AF767F0}"
EndProject
Project("{2150E333-8FDC-42A3-9474-1A3956D46DE8}") = "Tests", "Tests", "{DD4611CF-79A9-45C7-91EB-1E84D22B7D07}"
EndProject
Project("{9A19103F-16F7-4668-BE54-9A1E7A4F7556}") = "JT809.DotNetty.Host.Test", "JT809.DotNetty.Tests\JT809.DotNetty.Host.Test\JT809.DotNetty.Host.Test.csproj", "{D4E18559-C429-416F-9399-42C0E604D27B}"
EndProject
Project("{2150E333-8FDC-42A3-9474-1A3956D46DE8}") = "Simples", "Simples", "{3C761892-4ED8-42D2-96CF-F76041D17EC1}"
EndProject
Project("{2150E333-8FDC-42A3-9474-1A3956D46DE8}") = "Superior", "Superior", "{E9DC871D-EFCE-4D53-A5B5-8A88D2D52EA4}"
EndProject
Project("{9A19103F-16F7-4668-BE54-9A1E7A4F7556}") = "JT809.PubSub.Abstractions", "JT809.DotNetty.Simples\Superior\JT809.PubSub.Abstractions\JT809.PubSub.Abstractions.csproj", "{5F8AFD67-FDA8-40A6-A655-FD855E2CCF26}"
EndProject
Project("{9A19103F-16F7-4668-BE54-9A1E7A4F7556}") = "JT809.GrpcProtos", "JT809.DotNetty.Simples\Superior\JT809.GrpcProtos\JT809.GrpcProtos.csproj", "{D64F2F77-DC0C-4120-80DA-45012A794CDF}"
EndProject
Project("{9A19103F-16F7-4668-BE54-9A1E7A4F7556}") = "JT809.KafkaService", "JT809.DotNetty.Simples\Superior\JT809.KafkaService\JT809.KafkaService.csproj", "{8119D905-241F-4EFF-B300-1FB474B8C665}"
EndProject
Project("{9A19103F-16F7-4668-BE54-9A1E7A4F7556}") = "JT809.KafkaServiceTest", "JT809.DotNetty.Simples\Superior\JT809.KafkaServiceTest\JT809.KafkaServiceTest.csproj", "{22F008D5-61F8-4889-80DB-91B37591322F}"
EndProject
Project("{9A19103F-16F7-4668-BE54-9A1E7A4F7556}") = "JT809.Superior.Server", "JT809.DotNetty.Simples\Superior\JT809.Superior.Server\JT809.Superior.Server.csproj", "{8620735D-FBD5-4832-882F-A2F607DC6861}"
EndProject
Project("{9A19103F-16F7-4668-BE54-9A1E7A4F7556}") = "JT809.GpsConsumer", "JT809.DotNetty.Simples\Superior\JT809.GpsConsumer\JT809.GpsConsumer.csproj", "{FBC06008-6F18-4CC3-B7C2-5B476317F92D}"
EndProject
Project("{2150E333-8FDC-42A3-9474-1A3956D46DE8}") = "Inferior", "Inferior", "{139F3035-EAC2-42A8-9123-1F7E6B79AFEB}"
EndProject
Project("{9A19103F-16F7-4668-BE54-9A1E7A4F7556}") = "JT809.Inferior.Server", "JT809.DotNetty.Simples\Inferior\JT809.Inferior.Server\JT809.Inferior.Server.csproj", "{126FFC37-3ABF-4537-A0DD-3FC609F853EF}"
EndProject
Project("{9A19103F-16F7-4668-BE54-9A1E7A4F7556}") = "JT809.Inferior.Client", "JT809.DotNetty.Simples\Inferior\JT809.Inferior.Client\JT809.Inferior.Client.csproj", "{5990307A-4EE9-40B7-80E8-5AE2E7697287}"
EndProject
Global
	GlobalSection(SolutionConfigurationPlatforms) = preSolution
		Debug|Any CPU = Debug|Any CPU
		Release|Any CPU = Release|Any CPU
	EndGlobalSection
	GlobalSection(ProjectConfigurationPlatforms) = postSolution
		{0291C1D6-B4C6-4E7E-984B-0BAFB238727D}.Debug|Any CPU.ActiveCfg = Debug|Any CPU
		{0291C1D6-B4C6-4E7E-984B-0BAFB238727D}.Debug|Any CPU.Build.0 = Debug|Any CPU
		{0291C1D6-B4C6-4E7E-984B-0BAFB238727D}.Release|Any CPU.ActiveCfg = Release|Any CPU
		{0291C1D6-B4C6-4E7E-984B-0BAFB238727D}.Release|Any CPU.Build.0 = Release|Any CPU
		{EB8276CC-1848-4E7D-B77E-29B22AF767F0}.Debug|Any CPU.ActiveCfg = Debug|Any CPU
		{EB8276CC-1848-4E7D-B77E-29B22AF767F0}.Debug|Any CPU.Build.0 = Debug|Any CPU
		{EB8276CC-1848-4E7D-B77E-29B22AF767F0}.Release|Any CPU.ActiveCfg = Release|Any CPU
		{EB8276CC-1848-4E7D-B77E-29B22AF767F0}.Release|Any CPU.Build.0 = Release|Any CPU
		{D4E18559-C429-416F-9399-42C0E604D27B}.Debug|Any CPU.ActiveCfg = Debug|Any CPU
		{D4E18559-C429-416F-9399-42C0E604D27B}.Debug|Any CPU.Build.0 = Debug|Any CPU
		{D4E18559-C429-416F-9399-42C0E604D27B}.Release|Any CPU.ActiveCfg = Release|Any CPU
		{D4E18559-C429-416F-9399-42C0E604D27B}.Release|Any CPU.Build.0 = Release|Any CPU
		{5F8AFD67-FDA8-40A6-A655-FD855E2CCF26}.Debug|Any CPU.ActiveCfg = Debug|Any CPU
		{5F8AFD67-FDA8-40A6-A655-FD855E2CCF26}.Debug|Any CPU.Build.0 = Debug|Any CPU
		{5F8AFD67-FDA8-40A6-A655-FD855E2CCF26}.Release|Any CPU.ActiveCfg = Release|Any CPU
		{5F8AFD67-FDA8-40A6-A655-FD855E2CCF26}.Release|Any CPU.Build.0 = Release|Any CPU
		{D64F2F77-DC0C-4120-80DA-45012A794CDF}.Debug|Any CPU.ActiveCfg = Debug|Any CPU
		{D64F2F77-DC0C-4120-80DA-45012A794CDF}.Debug|Any CPU.Build.0 = Debug|Any CPU
		{D64F2F77-DC0C-4120-80DA-45012A794CDF}.Release|Any CPU.ActiveCfg = Release|Any CPU
		{D64F2F77-DC0C-4120-80DA-45012A794CDF}.Release|Any CPU.Build.0 = Release|Any CPU
		{8119D905-241F-4EFF-B300-1FB474B8C665}.Debug|Any CPU.ActiveCfg = Debug|Any CPU
		{8119D905-241F-4EFF-B300-1FB474B8C665}.Debug|Any CPU.Build.0 = Debug|Any CPU
		{8119D905-241F-4EFF-B300-1FB474B8C665}.Release|Any CPU.ActiveCfg = Release|Any CPU
		{8119D905-241F-4EFF-B300-1FB474B8C665}.Release|Any CPU.Build.0 = Release|Any CPU
		{22F008D5-61F8-4889-80DB-91B37591322F}.Debug|Any CPU.ActiveCfg = Debug|Any CPU
		{22F008D5-61F8-4889-80DB-91B37591322F}.Debug|Any CPU.Build.0 = Debug|Any CPU
		{22F008D5-61F8-4889-80DB-91B37591322F}.Release|Any CPU.ActiveCfg = Release|Any CPU
		{22F008D5-61F8-4889-80DB-91B37591322F}.Release|Any CPU.Build.0 = Release|Any CPU
		{8620735D-FBD5-4832-882F-A2F607DC6861}.Debug|Any CPU.ActiveCfg = Debug|Any CPU
		{8620735D-FBD5-4832-882F-A2F607DC6861}.Debug|Any CPU.Build.0 = Debug|Any CPU
		{8620735D-FBD5-4832-882F-A2F607DC6861}.Release|Any CPU.ActiveCfg = Release|Any CPU
		{8620735D-FBD5-4832-882F-A2F607DC6861}.Release|Any CPU.Build.0 = Release|Any CPU
		{FBC06008-6F18-4CC3-B7C2-5B476317F92D}.Debug|Any CPU.ActiveCfg = Debug|Any CPU
		{FBC06008-6F18-4CC3-B7C2-5B476317F92D}.Debug|Any CPU.Build.0 = Debug|Any CPU
		{FBC06008-6F18-4CC3-B7C2-5B476317F92D}.Release|Any CPU.ActiveCfg = Release|Any CPU
		{FBC06008-6F18-4CC3-B7C2-5B476317F92D}.Release|Any CPU.Build.0 = Release|Any CPU
		{126FFC37-3ABF-4537-A0DD-3FC609F853EF}.Debug|Any CPU.ActiveCfg = Debug|Any CPU
		{126FFC37-3ABF-4537-A0DD-3FC609F853EF}.Debug|Any CPU.Build.0 = Debug|Any CPU
		{126FFC37-3ABF-4537-A0DD-3FC609F853EF}.Release|Any CPU.ActiveCfg = Release|Any CPU
		{126FFC37-3ABF-4537-A0DD-3FC609F853EF}.Release|Any CPU.Build.0 = Release|Any CPU
		{5990307A-4EE9-40B7-80E8-5AE2E7697287}.Debug|Any CPU.ActiveCfg = Debug|Any CPU
		{5990307A-4EE9-40B7-80E8-5AE2E7697287}.Debug|Any CPU.Build.0 = Debug|Any CPU
		{5990307A-4EE9-40B7-80E8-5AE2E7697287}.Release|Any CPU.ActiveCfg = Release|Any CPU
		{5990307A-4EE9-40B7-80E8-5AE2E7697287}.Release|Any CPU.Build.0 = Release|Any CPU
	EndGlobalSection
	GlobalSection(SolutionProperties) = preSolution
		HideSolutionNode = FALSE
	EndGlobalSection
	GlobalSection(NestedProjects) = preSolution
		{D4E18559-C429-416F-9399-42C0E604D27B} = {DD4611CF-79A9-45C7-91EB-1E84D22B7D07}
		{E9DC871D-EFCE-4D53-A5B5-8A88D2D52EA4} = {3C761892-4ED8-42D2-96CF-F76041D17EC1}
		{5F8AFD67-FDA8-40A6-A655-FD855E2CCF26} = {E9DC871D-EFCE-4D53-A5B5-8A88D2D52EA4}
		{D64F2F77-DC0C-4120-80DA-45012A794CDF} = {E9DC871D-EFCE-4D53-A5B5-8A88D2D52EA4}
		{8119D905-241F-4EFF-B300-1FB474B8C665} = {E9DC871D-EFCE-4D53-A5B5-8A88D2D52EA4}
		{22F008D5-61F8-4889-80DB-91B37591322F} = {E9DC871D-EFCE-4D53-A5B5-8A88D2D52EA4}
		{8620735D-FBD5-4832-882F-A2F607DC6861} = {E9DC871D-EFCE-4D53-A5B5-8A88D2D52EA4}
		{FBC06008-6F18-4CC3-B7C2-5B476317F92D} = {E9DC871D-EFCE-4D53-A5B5-8A88D2D52EA4}
		{139F3035-EAC2-42A8-9123-1F7E6B79AFEB} = {3C761892-4ED8-42D2-96CF-F76041D17EC1}
		{126FFC37-3ABF-4537-A0DD-3FC609F853EF} = {139F3035-EAC2-42A8-9123-1F7E6B79AFEB}
		{5990307A-4EE9-40B7-80E8-5AE2E7697287} = {139F3035-EAC2-42A8-9123-1F7E6B79AFEB}
	EndGlobalSection
	GlobalSection(ExtensibilityGlobals) = postSolution
		SolutionGuid = {0FC2A52E-3B7A-4485-9C3B-9080C825419D}
	EndGlobalSection
EndGlobal
