
Microsoft Visual Studio Solution File, Format Version 12.00
# Visual Studio Version 16
VisualStudioVersion = 16.0.28803.156
MinimumVisualStudioVersion = 10.0.40219.1
Project("{9A19103F-16F7-4668-BE54-9A1E7A4F7556}") = "JT809.DotNetty.Core", "JT809.DotNetty.Core\JT809.DotNetty.Core.csproj", "{0291C1D6-B4C6-4E7E-984B-0BAFB238727D}"
EndProject
Project("{9A19103F-16F7-4668-BE54-9A1E7A4F7556}") = "JT809.DotNetty.Abstractions", "JT809.DotNetty.Abstractions\JT809.DotNetty.Abstractions.csproj", "{EB8276CC-1848-4E7D-B77E-29B22AF767F0}"
EndProject
Project("{2150E333-8FDC-42A3-9474-1A3956D46DE8}") = "Tests", "Tests", "{DD4611CF-79A9-45C7-91EB-1E84D22B7D07}"
EndProject
Project("{9A19103F-16F7-4668-BE54-9A1E7A4F7556}") = "JT809.DotNetty.Host.Test", "JT809.DotNetty.Tests\JT809.DotNetty.Host.Test\JT809.DotNetty.Host.Test.csproj", "{D4E18559-C429-416F-9399-42C0E604D27B}"
EndProject
Project("{2150E333-8FDC-42A3-9474-1A3956D46DE8}") = "src", "src", "{9EFC0937-8515-4EFB-8FE7-558C6FC8860C}"
EndProject
Project("{9A19103F-16F7-4668-BE54-9A1E7A4F7556}") = "JT809.Protocol", "JT809.Protocol\src\JT809.Protocol\JT809.Protocol.csproj", "{3D7271A3-02CF-4DF4-AD3C-1BF248D6D7CA}"
EndProject
Project("{2150E333-8FDC-42A3-9474-1A3956D46DE8}") = "Simples", "Simples", "{3C761892-4ED8-42D2-96CF-F76041D17EC1}"
EndProject
Project("{2150E333-8FDC-42A3-9474-1A3956D46DE8}") = "Superior", "Superior", "{E9DC871D-EFCE-4D53-A5B5-8A88D2D52EA4}"
EndProject
Project("{9A19103F-16F7-4668-BE54-9A1E7A4F7556}") = "JT809.PubSub.Abstractions", "JT809.DotNetty.Simples\Superior\JT809.PubSub.Abstractions\JT809.PubSub.Abstractions.csproj", "{5F8AFD67-FDA8-40A6-A655-FD855E2CCF26}"
EndProject
Project("{9A19103F-16F7-4668-BE54-9A1E7A4F7556}") = "JT809.GrpcProtos", "JT809.DotNetty.Simples\Superior\JT809.GrpcProtos\JT809.GrpcProtos.csproj", "{D64F2F77-DC0C-4120-80DA-45012A794CDF}"
EndProject
Project("{9A19103F-16F7-4668-BE54-9A1E7A4F7556}") = "JT809.KafkaService", "JT809.DotNetty.Simples\Superior\JT809.KafkaService\JT809.KafkaService.csproj", "{8119D905-241F-4EFF-B300-1FB474B8C665}"
EndProject
Global
	GlobalSection(SolutionConfigurationPlatforms) = preSolution
		Debug|Any CPU = Debug|Any CPU
		Release|Any CPU = Release|Any CPU
	EndGlobalSection
	GlobalSection(ProjectConfigurationPlatforms) = postSolution
		{0291C1D6-B4C6-4E7E-984B-0BAFB238727D}.Debug|Any CPU.ActiveCfg = Debug|Any CPU
		{0291C1D6-B4C6-4E7E-984B-0BAFB238727D}.Debug|Any CPU.Build.0 = Debug|Any CPU
		{0291C1D6-B4C6-4E7E-984B-0BAFB238727D}.Release|Any CPU.ActiveCfg = Release|Any CPU
		{0291C1D6-B4C6-4E7E-984B-0BAFB238727D}.Release|Any CPU.Build.0 = Release|Any CPU
		{EB8276CC-1848-4E7D-B77E-29B22AF767F0}.Debug|Any CPU.ActiveCfg = Debug|Any CPU
		{EB8276CC-1848-4E7D-B77E-29B22AF767F0}.Debug|Any CPU.Build.0 = Debug|Any CPU
		{EB8276CC-1848-4E7D-B77E-29B22AF767F0}.Release|Any CPU.ActiveCfg = Release|Any CPU
		{EB8276CC-1848-4E7D-B77E-29B22AF767F0}.Release|Any CPU.Build.0 = Release|Any CPU
		{D4E18559-C429-416F-9399-42C0E604D27B}.Debug|Any CPU.ActiveCfg = Debug|Any CPU
		{D4E18559-C429-416F-9399-42C0E604D27B}.Debug|Any CPU.Build.0 = Debug|Any CPU
		{D4E18559-C429-416F-9399-42C0E604D27B}.Release|Any CPU.ActiveCfg = Release|Any CPU
		{D4E18559-C429-416F-9399-42C0E604D27B}.Release|Any CPU.Build.0 = Release|Any CPU
		{3D7271A3-02CF-4DF4-AD3C-1BF248D6D7CA}.Debug|Any CPU.ActiveCfg = Debug|Any CPU
		{3D7271A3-02CF-4DF4-AD3C-1BF248D6D7CA}.Debug|Any CPU.Build.0 = Debug|Any CPU
		{3D7271A3-02CF-4DF4-AD3C-1BF248D6D7CA}.Release|Any CPU.ActiveCfg = Release|Any CPU
		{3D7271A3-02CF-4DF4-AD3C-1BF248D6D7CA}.Release|Any CPU.Build.0 = Release|Any CPU
		{5F8AFD67-FDA8-40A6-A655-FD855E2CCF26}.Debug|Any CPU.ActiveCfg = Debug|Any CPU
		{5F8AFD67-FDA8-40A6-A655-FD855E2CCF26}.Debug|Any CPU.Build.0 = Debug|Any CPU
		{5F8AFD67-FDA8-40A6-A655-FD855E2CCF26}.Release|Any CPU.ActiveCfg = Release|Any CPU
		{5F8AFD67-FDA8-40A6-A655-FD855E2CCF26}.Release|Any CPU.Build.0 = Release|Any CPU
		{D64F2F77-DC0C-4120-80DA-45012A794CDF}.Debug|Any CPU.ActiveCfg = Debug|Any CPU
		{D64F2F77-DC0C-4120-80DA-45012A794CDF}.Debug|Any CPU.Build.0 = Debug|Any CPU
		{D64F2F77-DC0C-4120-80DA-45012A794CDF}.Release|Any CPU.ActiveCfg = Release|Any CPU
		{D64F2F77-DC0C-4120-80DA-45012A794CDF}.Release|Any CPU.Build.0 = Release|Any CPU
		{8119D905-241F-4EFF-B300-1FB474B8C665}.Debug|Any CPU.ActiveCfg = Debug|Any CPU
		{8119D905-241F-4EFF-B300-1FB474B8C665}.Debug|Any CPU.Build.0 = Debug|Any CPU
		{8119D905-241F-4EFF-B300-1FB474B8C665}.Release|Any CPU.ActiveCfg = Release|Any CPU
		{8119D905-241F-4EFF-B300-1FB474B8C665}.Release|Any CPU.Build.0 = Release|Any CPU
	EndGlobalSection
	GlobalSection(SolutionProperties) = preSolution
		HideSolutionNode = FALSE
	EndGlobalSection
	GlobalSection(NestedProjects) = preSolution
		{D4E18559-C429-416F-9399-42C0E604D27B} = {DD4611CF-79A9-45C7-91EB-1E84D22B7D07}
		{3D7271A3-02CF-4DF4-AD3C-1BF248D6D7CA} = {9EFC0937-8515-4EFB-8FE7-558C6FC8860C}
		{E9DC871D-EFCE-4D53-A5B5-8A88D2D52EA4} = {3C761892-4ED8-42D2-96CF-F76041D17EC1}
		{5F8AFD67-FDA8-40A6-A655-FD855E2CCF26} = {E9DC871D-EFCE-4D53-A5B5-8A88D2D52EA4}
		{D64F2F77-DC0C-4120-80DA-45012A794CDF} = {E9DC871D-EFCE-4D53-A5B5-8A88D2D52EA4}
		{8119D905-241F-4EFF-B300-1FB474B8C665} = {E9DC871D-EFCE-4D53-A5B5-8A88D2D52EA4}
	EndGlobalSection
	GlobalSection(ExtensibilityGlobals) = postSolution
		SolutionGuid = {0FC2A52E-3B7A-4485-9C3B-9080C825419D}
	EndGlobalSection
EndGlobal
